
Microsoft Visual Studio Solution File, Format Version 12.00
# Visual Studio Version 16
VisualStudioVersion = 16.0.29326.143
MinimumVisualStudioVersion = 10.0.40219.1
Project("{8BC9CEB8-8B4A-11D0-8D11-00A0C91BC942}") = "SonidoFmod", "SonidoFmod.vcxproj", "{545432D2-DEC0-478D-9DD7-EEB196925B93}"
EndProject
Global
	GlobalSection(SolutionConfigurationPlatforms) = preSolution
		Debug|x64 = Debug|x64
		Debug|x86 = Debug|x86
		Release|x64 = Release|x64
		Release|x86 = Release|x86
	EndGlobalSection
	GlobalSection(ProjectConfigurationPlatforms) = postSolution
		{545432D2-DEC0-478D-9DD7-EEB196925B93}.Debug|x64.ActiveCfg = Debug|x64
		{545432D2-DEC0-478D-9DD7-EEB196925B93}.Debug|x64.Build.0 = Debug|x64
		{545432D2-DEC0-478D-9DD7-EEB196925B93}.Debug|x86.ActiveCfg = Debug|Win32
		{545432D2-DEC0-478D-9DD7-EEB196925B93}.Debug|x86.Build.0 = Debug|Win32
		{545432D2-DEC0-478D-9DD7-EEB196925B93}.Release|x64.ActiveCfg = Release|x64
		{545432D2-DEC0-478D-9DD7-EEB196925B93}.Release|x64.Build.0 = Release|x64
		{545432D2-DEC0-478D-9DD7-EEB196925B93}.Release|x86.ActiveCfg = Release|Win32
		{545432D2-DEC0-478D-9DD7-EEB196925B93}.Release|x86.Build.0 = Release|Win32
	EndGlobalSection
	GlobalSection(SolutionProperties) = preSolution
		HideSolutionNode = FALSE
	EndGlobalSection
	GlobalSection(ExtensibilityGlobals) = postSolution
		SolutionGuid = {6B6E8824-8CF0-4F94-84FB-9147A2A8BAC0}
	EndGlobalSection
EndGlobal
